
Microsoft Visual Studio Solution File, Format Version 12.00
# Visual Studio Version 17
VisualStudioVersion = 17.8.34330.188
MinimumVisualStudioVersion = 10.0.40219.1
Project("{8BC9CEB8-8B4A-11D0-8D11-00A0C91BC942}") = "01 - Base", "Algorythm\Algorythm.vcxproj", "{1A282E57-CB0F-456B-9D9A-982FD8A6E246}"
EndProject
Project("{8BC9CEB8-8B4A-11D0-8D11-00A0C91BC942}") = "02 - jopa", "02 - jopa\02 - jopa.vcxproj", "{893A55AD-AC75-4FC6-97CB-8724FC8FF12C}"
EndProject
Project("{8BC9CEB8-8B4A-11D0-8D11-00A0C91BC942}") = "03 - Search", "Search\Search.vcxproj", "{ABF66558-E9E2-4145-8166-E429257A5A31}"
EndProject
Project("{8BC9CEB8-8B4A-11D0-8D11-00A0C91BC942}") = "04 - pivo", "pivo\pivo.vcxproj", "{57CC6ABD-78ED-4005-9AA7-972F61C3F004}"
EndProject
Project("{8BC9CEB8-8B4A-11D0-8D11-00A0C91BC942}") = "05 - Poisk v stroke", "05 - Poisk v stroke\05 - Poisk v stroke.vcxproj", "{08D0D4AC-72F9-4C2E-AD24-2EAD30BA3C0B}"
EndProject
Project("{8BC9CEB8-8B4A-11D0-8D11-00A0C91BC942}") = "06 - MaxSumPosled", "06 - MaxSumPosled\06 - MaxSumPosled.vcxproj", "{2FF1B686-18AE-4A0E-9135-6FEA13791113}"
EndProject
Project("{8BC9CEB8-8B4A-11D0-8D11-00A0C91BC942}") = "11 - VozrstPosled", "11 - VozrstPosled\11 - VozrstPosled.vcxproj", "{2395A9E5-DA9F-4658-9F86-2A6D701C269F}"
EndProject
Project("{8BC9CEB8-8B4A-11D0-8D11-00A0C91BC942}") = "12 - Backpack", "12 - Backpack\12 - Backpack.vcxproj", "{06F8EAA9-84A0-42B9-B863-0B6B0921F54A}"
EndProject
Project("{8BC9CEB8-8B4A-11D0-8D11-00A0C91BC942}") = "13 - Triangle", "13 - Triangle\13 - Triangle.vcxproj", "{9680C5BC-26A8-4739-A584-381F205B6499}"
EndProject
Project("{8BC9CEB8-8B4A-11D0-8D11-00A0C91BC942}") = "14 - Text", "14 - Text\14 - Text.vcxproj", "{EFF2887A-2083-4C47-9A4A-A3077635552A}"
EndProject
Project("{8BC9CEB8-8B4A-11D0-8D11-00A0C91BC942}") = "15 - Genetic", "15 - Genetic\15 - Genetic.vcxproj", "{62849CA2-6CC2-4DB5-A18F-54290D7DAED0}"
EndProject
Project("{8BC9CEB8-8B4A-11D0-8D11-00A0C91BC942}") = "16 - Hash", "16 - Hash\16 - Hash.vcxproj", "{8FAC0814-1911-43B4-834A-618E8191ECF7}"
EndProject
Project("{8BC9CEB8-8B4A-11D0-8D11-00A0C91BC942}") = "Rukzak", "Rukzak\Rukzak.vcxproj", "{D9643A38-266F-40E3-82AA-25A533436C60}"
EndProject
Global
	GlobalSection(SolutionConfigurationPlatforms) = preSolution
		Debug|Any CPU = Debug|Any CPU
		Debug|x64 = Debug|x64
		Debug|x86 = Debug|x86
		Release|Any CPU = Release|Any CPU
		Release|x64 = Release|x64
		Release|x86 = Release|x86
	EndGlobalSection
	GlobalSection(ProjectConfigurationPlatforms) = postSolution
		{1A282E57-CB0F-456B-9D9A-982FD8A6E246}.Debug|Any CPU.ActiveCfg = Debug|x64
		{1A282E57-CB0F-456B-9D9A-982FD8A6E246}.Debug|Any CPU.Build.0 = Debug|x64
		{1A282E57-CB0F-456B-9D9A-982FD8A6E246}.Debug|x64.ActiveCfg = Debug|x64
		{1A282E57-CB0F-456B-9D9A-982FD8A6E246}.Debug|x64.Build.0 = Debug|x64
		{1A282E57-CB0F-456B-9D9A-982FD8A6E246}.Debug|x86.ActiveCfg = Debug|Win32
		{1A282E57-CB0F-456B-9D9A-982FD8A6E246}.Debug|x86.Build.0 = Debug|Win32
		{1A282E57-CB0F-456B-9D9A-982FD8A6E246}.Release|Any CPU.ActiveCfg = Release|x64
		{1A282E57-CB0F-456B-9D9A-982FD8A6E246}.Release|Any CPU.Build.0 = Release|x64
		{1A282E57-CB0F-456B-9D9A-982FD8A6E246}.Release|x64.ActiveCfg = Release|x64
		{1A282E57-CB0F-456B-9D9A-982FD8A6E246}.Release|x64.Build.0 = Release|x64
		{1A282E57-CB0F-456B-9D9A-982FD8A6E246}.Release|x86.ActiveCfg = Release|Win32
		{1A282E57-CB0F-456B-9D9A-982FD8A6E246}.Release|x86.Build.0 = Release|Win32
		{893A55AD-AC75-4FC6-97CB-8724FC8FF12C}.Debug|Any CPU.ActiveCfg = Debug|x64
		{893A55AD-AC75-4FC6-97CB-8724FC8FF12C}.Debug|Any CPU.Build.0 = Debug|x64
		{893A55AD-AC75-4FC6-97CB-8724FC8FF12C}.Debug|x64.ActiveCfg = Debug|x64
		{893A55AD-AC75-4FC6-97CB-8724FC8FF12C}.Debug|x64.Build.0 = Debug|x64
		{893A55AD-AC75-4FC6-97CB-8724FC8FF12C}.Debug|x86.ActiveCfg = Debug|Win32
		{893A55AD-AC75-4FC6-97CB-8724FC8FF12C}.Debug|x86.Build.0 = Debug|Win32
		{893A55AD-AC75-4FC6-97CB-8724FC8FF12C}.Release|Any CPU.ActiveCfg = Release|x64
		{893A55AD-AC75-4FC6-97CB-8724FC8FF12C}.Release|Any CPU.Build.0 = Release|x64
		{893A55AD-AC75-4FC6-97CB-8724FC8FF12C}.Release|x64.ActiveCfg = Release|x64
		{893A55AD-AC75-4FC6-97CB-8724FC8FF12C}.Release|x64.Build.0 = Release|x64
		{893A55AD-AC75-4FC6-97CB-8724FC8FF12C}.Release|x86.ActiveCfg = Release|Win32
		{893A55AD-AC75-4FC6-97CB-8724FC8FF12C}.Release|x86.Build.0 = Release|Win32
		{ABF66558-E9E2-4145-8166-E429257A5A31}.Debug|Any CPU.ActiveCfg = Debug|x64
		{ABF66558-E9E2-4145-8166-E429257A5A31}.Debug|Any CPU.Build.0 = Debug|x64
		{ABF66558-E9E2-4145-8166-E429257A5A31}.Debug|x64.ActiveCfg = Debug|x64
		{ABF66558-E9E2-4145-8166-E429257A5A31}.Debug|x64.Build.0 = Debug|x64
		{ABF66558-E9E2-4145-8166-E429257A5A31}.Debug|x86.ActiveCfg = Debug|Win32
		{ABF66558-E9E2-4145-8166-E429257A5A31}.Debug|x86.Build.0 = Debug|Win32
		{ABF66558-E9E2-4145-8166-E429257A5A31}.Release|Any CPU.ActiveCfg = Release|x64
		{ABF66558-E9E2-4145-8166-E429257A5A31}.Release|Any CPU.Build.0 = Release|x64
		{ABF66558-E9E2-4145-8166-E429257A5A31}.Release|x64.ActiveCfg = Release|x64
		{ABF66558-E9E2-4145-8166-E429257A5A31}.Release|x64.Build.0 = Release|x64
		{ABF66558-E9E2-4145-8166-E429257A5A31}.Release|x86.ActiveCfg = Release|Win32
		{ABF66558-E9E2-4145-8166-E429257A5A31}.Release|x86.Build.0 = Release|Win32
		{57CC6ABD-78ED-4005-9AA7-972F61C3F004}.Debug|Any CPU.ActiveCfg = Debug|x64
		{57CC6ABD-78ED-4005-9AA7-972F61C3F004}.Debug|Any CPU.Build.0 = Debug|x64
		{57CC6ABD-78ED-4005-9AA7-972F61C3F004}.Debug|x64.ActiveCfg = Debug|x64
		{57CC6ABD-78ED-4005-9AA7-972F61C3F004}.Debug|x64.Build.0 = Debug|x64
		{57CC6ABD-78ED-4005-9AA7-972F61C3F004}.Debug|x86.ActiveCfg = Debug|Win32
		{57CC6ABD-78ED-4005-9AA7-972F61C3F004}.Debug|x86.Build.0 = Debug|Win32
		{57CC6ABD-78ED-4005-9AA7-972F61C3F004}.Release|Any CPU.ActiveCfg = Release|x64
		{57CC6ABD-78ED-4005-9AA7-972F61C3F004}.Release|Any CPU.Build.0 = Release|x64
		{57CC6ABD-78ED-4005-9AA7-972F61C3F004}.Release|x64.ActiveCfg = Release|x64
		{57CC6ABD-78ED-4005-9AA7-972F61C3F004}.Release|x64.Build.0 = Release|x64
		{57CC6ABD-78ED-4005-9AA7-972F61C3F004}.Release|x86.ActiveCfg = Release|Win32
		{57CC6ABD-78ED-4005-9AA7-972F61C3F004}.Release|x86.Build.0 = Release|Win32
		{08D0D4AC-72F9-4C2E-AD24-2EAD30BA3C0B}.Debug|Any CPU.ActiveCfg = Debug|x64
		{08D0D4AC-72F9-4C2E-AD24-2EAD30BA3C0B}.Debug|Any CPU.Build.0 = Debug|x64
		{08D0D4AC-72F9-4C2E-AD24-2EAD30BA3C0B}.Debug|x64.ActiveCfg = Debug|x64
		{08D0D4AC-72F9-4C2E-AD24-2EAD30BA3C0B}.Debug|x64.Build.0 = Debug|x64
		{08D0D4AC-72F9-4C2E-AD24-2EAD30BA3C0B}.Debug|x86.ActiveCfg = Debug|Win32
		{08D0D4AC-72F9-4C2E-AD24-2EAD30BA3C0B}.Debug|x86.Build.0 = Debug|Win32
		{08D0D4AC-72F9-4C2E-AD24-2EAD30BA3C0B}.Release|Any CPU.ActiveCfg = Release|x64
		{08D0D4AC-72F9-4C2E-AD24-2EAD30BA3C0B}.Release|Any CPU.Build.0 = Release|x64
		{08D0D4AC-72F9-4C2E-AD24-2EAD30BA3C0B}.Release|x64.ActiveCfg = Release|x64
		{08D0D4AC-72F9-4C2E-AD24-2EAD30BA3C0B}.Release|x64.Build.0 = Release|x64
		{08D0D4AC-72F9-4C2E-AD24-2EAD30BA3C0B}.Release|x86.ActiveCfg = Release|Win32
		{08D0D4AC-72F9-4C2E-AD24-2EAD30BA3C0B}.Release|x86.Build.0 = Release|Win32
		{2FF1B686-18AE-4A0E-9135-6FEA13791113}.Debug|Any CPU.ActiveCfg = Debug|x64
		{2FF1B686-18AE-4A0E-9135-6FEA13791113}.Debug|Any CPU.Build.0 = Debug|x64
		{2FF1B686-18AE-4A0E-9135-6FEA13791113}.Debug|x64.ActiveCfg = Release|x64
		{2FF1B686-18AE-4A0E-9135-6FEA13791113}.Debug|x64.Build.0 = Release|x64
		{2FF1B686-18AE-4A0E-9135-6FEA13791113}.Debug|x86.ActiveCfg = Debug|Win32
		{2FF1B686-18AE-4A0E-9135-6FEA13791113}.Debug|x86.Build.0 = Debug|Win32
		{2FF1B686-18AE-4A0E-9135-6FEA13791113}.Release|Any CPU.ActiveCfg = Release|x64
		{2FF1B686-18AE-4A0E-9135-6FEA13791113}.Release|Any CPU.Build.0 = Release|x64
		{2FF1B686-18AE-4A0E-9135-6FEA13791113}.Release|x64.ActiveCfg = Release|x64
		{2FF1B686-18AE-4A0E-9135-6FEA13791113}.Release|x64.Build.0 = Release|x64
		{2FF1B686-18AE-4A0E-9135-6FEA13791113}.Release|x86.ActiveCfg = Release|Win32
		{2FF1B686-18AE-4A0E-9135-6FEA13791113}.Release|x86.Build.0 = Release|Win32
		{2395A9E5-DA9F-4658-9F86-2A6D701C269F}.Debug|Any CPU.ActiveCfg = Debug|x64
		{2395A9E5-DA9F-4658-9F86-2A6D701C269F}.Debug|Any CPU.Build.0 = Debug|x64
		{2395A9E5-DA9F-4658-9F86-2A6D701C269F}.Debug|x64.ActiveCfg = Debug|x64
		{2395A9E5-DA9F-4658-9F86-2A6D701C269F}.Debug|x64.Build.0 = Debug|x64
		{2395A9E5-DA9F-4658-9F86-2A6D701C269F}.Debug|x86.ActiveCfg = Debug|Win32
		{2395A9E5-DA9F-4658-9F86-2A6D701C269F}.Debug|x86.Build.0 = Debug|Win32
		{2395A9E5-DA9F-4658-9F86-2A6D701C269F}.Release|Any CPU.ActiveCfg = Release|x64
		{2395A9E5-DA9F-4658-9F86-2A6D701C269F}.Release|Any CPU.Build.0 = Release|x64
		{2395A9E5-DA9F-4658-9F86-2A6D701C269F}.Release|x64.ActiveCfg = Release|x64
		{2395A9E5-DA9F-4658-9F86-2A6D701C269F}.Release|x64.Build.0 = Release|x64
		{2395A9E5-DA9F-4658-9F86-2A6D701C269F}.Release|x86.ActiveCfg = Release|Win32
		{2395A9E5-DA9F-4658-9F86-2A6D701C269F}.Release|x86.Build.0 = Release|Win32
		{06F8EAA9-84A0-42B9-B863-0B6B0921F54A}.Debug|Any CPU.ActiveCfg = Debug|x64
		{06F8EAA9-84A0-42B9-B863-0B6B0921F54A}.Debug|Any CPU.Build.0 = Debug|x64
		{06F8EAA9-84A0-42B9-B863-0B6B0921F54A}.Debug|x64.ActiveCfg = Debug|x64
		{06F8EAA9-84A0-42B9-B863-0B6B0921F54A}.Debug|x64.Build.0 = Debug|x64
		{06F8EAA9-84A0-42B9-B863-0B6B0921F54A}.Debug|x86.ActiveCfg = Debug|Win32
		{06F8EAA9-84A0-42B9-B863-0B6B0921F54A}.Debug|x86.Build.0 = Debug|Win32
		{06F8EAA9-84A0-42B9-B863-0B6B0921F54A}.Release|Any CPU.ActiveCfg = Release|x64
		{06F8EAA9-84A0-42B9-B863-0B6B0921F54A}.Release|Any CPU.Build.0 = Release|x64
		{06F8EAA9-84A0-42B9-B863-0B6B0921F54A}.Release|x64.ActiveCfg = Release|x64
		{06F8EAA9-84A0-42B9-B863-0B6B0921F54A}.Release|x64.Build.0 = Release|x64
		{06F8EAA9-84A0-42B9-B863-0B6B0921F54A}.Release|x86.ActiveCfg = Release|Win32
		{06F8EAA9-84A0-42B9-B863-0B6B0921F54A}.Release|x86.Build.0 = Release|Win32
		{9680C5BC-26A8-4739-A584-381F205B6499}.Debug|Any CPU.ActiveCfg = Debug|x64
		{9680C5BC-26A8-4739-A584-381F205B6499}.Debug|Any CPU.Build.0 = Debug|x64
		{9680C5BC-26A8-4739-A584-381F205B6499}.Debug|x64.ActiveCfg = Debug|x64
		{9680C5BC-26A8-4739-A584-381F205B6499}.Debug|x64.Build.0 = Debug|x64
		{9680C5BC-26A8-4739-A584-381F205B6499}.Debug|x86.ActiveCfg = Debug|Win32
		{9680C5BC-26A8-4739-A584-381F205B6499}.Debug|x86.Build.0 = Debug|Win32
		{9680C5BC-26A8-4739-A584-381F205B6499}.Release|Any CPU.ActiveCfg = Release|x64
		{9680C5BC-26A8-4739-A584-381F205B6499}.Release|Any CPU.Build.0 = Release|x64
		{9680C5BC-26A8-4739-A584-381F205B6499}.Release|x64.ActiveCfg = Release|x64
		{9680C5BC-26A8-4739-A584-381F205B6499}.Release|x64.Build.0 = Release|x64
		{9680C5BC-26A8-4739-A584-381F205B6499}.Release|x86.ActiveCfg = Release|Win32
		{9680C5BC-26A8-4739-A584-381F205B6499}.Release|x86.Build.0 = Release|Win32
		{EFF2887A-2083-4C47-9A4A-A3077635552A}.Debug|Any CPU.ActiveCfg = Debug|x64
		{EFF2887A-2083-4C47-9A4A-A3077635552A}.Debug|Any CPU.Build.0 = Debug|x64
		{EFF2887A-2083-4C47-9A4A-A3077635552A}.Debug|x64.ActiveCfg = Debug|x64
		{EFF2887A-2083-4C47-9A4A-A3077635552A}.Debug|x64.Build.0 = Debug|x64
		{EFF2887A-2083-4C47-9A4A-A3077635552A}.Debug|x86.ActiveCfg = Debug|Win32
		{EFF2887A-2083-4C47-9A4A-A3077635552A}.Debug|x86.Build.0 = Debug|Win32
		{EFF2887A-2083-4C47-9A4A-A3077635552A}.Release|Any CPU.ActiveCfg = Release|x64
		{EFF2887A-2083-4C47-9A4A-A3077635552A}.Release|Any CPU.Build.0 = Release|x64
		{EFF2887A-2083-4C47-9A4A-A3077635552A}.Release|x64.ActiveCfg = Release|x64
		{EFF2887A-2083-4C47-9A4A-A3077635552A}.Release|x64.Build.0 = Release|x64
		{EFF2887A-2083-4C47-9A4A-A3077635552A}.Release|x86.ActiveCfg = Release|Win32
		{EFF2887A-2083-4C47-9A4A-A3077635552A}.Release|x86.Build.0 = Release|Win32
		{62849CA2-6CC2-4DB5-A18F-54290D7DAED0}.Debug|Any CPU.ActiveCfg = Debug|x64
		{62849CA2-6CC2-4DB5-A18F-54290D7DAED0}.Debug|Any CPU.Build.0 = Debug|x64
		{62849CA2-6CC2-4DB5-A18F-54290D7DAED0}.Debug|x64.ActiveCfg = Debug|x64
		{62849CA2-6CC2-4DB5-A18F-54290D7DAED0}.Debug|x64.Build.0 = Debug|x64
		{62849CA2-6CC2-4DB5-A18F-54290D7DAED0}.Debug|x86.ActiveCfg = Debug|Win32
		{62849CA2-6CC2-4DB5-A18F-54290D7DAED0}.Debug|x86.Build.0 = Debug|Win32
		{62849CA2-6CC2-4DB5-A18F-54290D7DAED0}.Release|Any CPU.ActiveCfg = Release|x64
		{62849CA2-6CC2-4DB5-A18F-54290D7DAED0}.Release|Any CPU.Build.0 = Release|x64
		{62849CA2-6CC2-4DB5-A18F-54290D7DAED0}.Release|x64.ActiveCfg = Release|x64
		{62849CA2-6CC2-4DB5-A18F-54290D7DAED0}.Release|x64.Build.0 = Release|x64
		{62849CA2-6CC2-4DB5-A18F-54290D7DAED0}.Release|x86.ActiveCfg = Release|Win32
		{62849CA2-6CC2-4DB5-A18F-54290D7DAED0}.Release|x86.Build.0 = Release|Win32
		{8FAC0814-1911-43B4-834A-618E8191ECF7}.Debug|Any CPU.ActiveCfg = Debug|x64
		{8FAC0814-1911-43B4-834A-618E8191ECF7}.Debug|Any CPU.Build.0 = Debug|x64
		{8FAC0814-1911-43B4-834A-618E8191ECF7}.Debug|x64.ActiveCfg = Debug|x64
		{8FAC0814-1911-43B4-834A-618E8191ECF7}.Debug|x64.Build.0 = Debug|x64
		{8FAC0814-1911-43B4-834A-618E8191ECF7}.Debug|x86.ActiveCfg = Debug|Win32
		{8FAC0814-1911-43B4-834A-618E8191ECF7}.Debug|x86.Build.0 = Debug|Win32
		{8FAC0814-1911-43B4-834A-618E8191ECF7}.Release|Any CPU.ActiveCfg = Release|x64
		{8FAC0814-1911-43B4-834A-618E8191ECF7}.Release|Any CPU.Build.0 = Release|x64
		{8FAC0814-1911-43B4-834A-618E8191ECF7}.Release|x64.ActiveCfg = Release|x64
		{8FAC0814-1911-43B4-834A-618E8191ECF7}.Release|x64.Build.0 = Release|x64
		{8FAC0814-1911-43B4-834A-618E8191ECF7}.Release|x86.ActiveCfg = Release|Win32
		{8FAC0814-1911-43B4-834A-618E8191ECF7}.Release|x86.Build.0 = Release|Win32
		{D9643A38-266F-40E3-82AA-25A533436C60}.Debug|Any CPU.ActiveCfg = Debug|x64
		{D9643A38-266F-40E3-82AA-25A533436C60}.Debug|Any CPU.Build.0 = Debug|x64
		{D9643A38-266F-40E3-82AA-25A533436C60}.Debug|x64.ActiveCfg = Debug|x64
		{D9643A38-266F-40E3-82AA-25A533436C60}.Debug|x64.Build.0 = Debug|x64
		{D9643A38-266F-40E3-82AA-25A533436C60}.Debug|x86.ActiveCfg = Debug|Win32
		{D9643A38-266F-40E3-82AA-25A533436C60}.Debug|x86.Build.0 = Debug|Win32
		{D9643A38-266F-40E3-82AA-25A533436C60}.Release|Any CPU.ActiveCfg = Release|x64
		{D9643A38-266F-40E3-82AA-25A533436C60}.Release|Any CPU.Build.0 = Release|x64
		{D9643A38-266F-40E3-82AA-25A533436C60}.Release|x64.ActiveCfg = Release|x64
		{D9643A38-266F-40E3-82AA-25A533436C60}.Release|x64.Build.0 = Release|x64
		{D9643A38-266F-40E3-82AA-25A533436C60}.Release|x86.ActiveCfg = Release|Win32
		{D9643A38-266F-40E3-82AA-25A533436C60}.Release|x86.Build.0 = Release|Win32
	EndGlobalSection
	GlobalSection(SolutionProperties) = preSolution
		HideSolutionNode = FALSE
	EndGlobalSection
	GlobalSection(ExtensibilityGlobals) = postSolution
		SolutionGuid = {4BB8E902-E251-4AD8-A191-A0A14AEA7ABC}
	EndGlobalSection
EndGlobal
